// !$*UTF8*$!
{
	archiveVersion = 1;
	classes = {
	};
	objectVersion = 46;
	objects = {

/* Begin PBXBuildFile section */
		0720E2E71CA4EBB500ACD947 /* ZZRecommendTagsViewController.m in Sources */ = {isa = PBXBuildFile; fileRef = 0720E2E61CA4EBB500ACD947 /* ZZRecommendTagsViewController.m */; };
		0720E2EA1CA4ED0200ACD947 /* RecommedTagsModel.m in Sources */ = {isa = PBXBuildFile; fileRef = 0720E2E91CA4ED0200ACD947 /* RecommedTagsModel.m */; };
		0720E2EE1CA4EDB900ACD947 /* ZZRecommandTagCell.m in Sources */ = {isa = PBXBuildFile; fileRef = 0720E2EC1CA4EDB900ACD947 /* ZZRecommandTagCell.m */; };
		0720E2EF1CA4EDB900ACD947 /* ZZRecommandTagCell.xib in Resources */ = {isa = PBXBuildFile; fileRef = 0720E2ED1CA4EDB900ACD947 /* ZZRecommandTagCell.xib */; };
		0720E2F31CA51BEE00ACD947 /* ZZLoginRegisterViewController.m in Sources */ = {isa = PBXBuildFile; fileRef = 0720E2F11CA51BEE00ACD947 /* ZZLoginRegisterViewController.m */; };
		0720E2F41CA51BEE00ACD947 /* ZZLoginRegisterViewController.xib in Resources */ = {isa = PBXBuildFile; fileRef = 0720E2F21CA51BEE00ACD947 /* ZZLoginRegisterViewController.xib */; };
		0720E2F71CA52BAE00ACD947 /* ZZVerticalButton.m in Sources */ = {isa = PBXBuildFile; fileRef = 0720E2F61CA52BAE00ACD947 /* ZZVerticalButton.m */; };
		0720E2FA1CA5360B00ACD947 /* ZZTextFiled.m in Sources */ = {isa = PBXBuildFile; fileRef = 0720E2F91CA5360B00ACD947 /* ZZTextFiled.m */; };
		077B92841CA3C72E008767C3 /* ZZMeViewController.m in Sources */ = {isa = PBXBuildFile; fileRef = 077B92651CA3C72E008767C3 /* ZZMeViewController.m */; };
		077B92851CA3C72E008767C3 /* ZZEssenceViewController.m in Sources */ = {isa = PBXBuildFile; fileRef = 077B926B1CA3C72E008767C3 /* ZZEssenceViewController.m */; };
		077B92861CA3C72E008767C3 /* ZZFriendViewController.m in Sources */ = {isa = PBXBuildFile; fileRef = 077B92711CA3C72E008767C3 /* ZZFriendViewController.m */; };
		077B92871CA3C72E008767C3 /* ZZNewViewController.m in Sources */ = {isa = PBXBuildFile; fileRef = 077B92771CA3C72E008767C3 /* ZZNewViewController.m */; };
		077B92881CA3C72E008767C3 /* ZZTabBar.m in Sources */ = {isa = PBXBuildFile; fileRef = 077B927C1CA3C72E008767C3 /* ZZTabBar.m */; };
		077B92891CA3C72E008767C3 /* UIBarButtonItem+ZZExtension.m in Sources */ = {isa = PBXBuildFile; fileRef = 077B927E1CA3C72E008767C3 /* UIBarButtonItem+ZZExtension.m */; };
		077B928A1CA3C72E008767C3 /* UIView+ZZExtension.m in Sources */ = {isa = PBXBuildFile; fileRef = 077B92801CA3C72E008767C3 /* UIView+ZZExtension.m */; };
		077B928B1CA3C72E008767C3 /* ZZMainTabBarViewController.m in Sources */ = {isa = PBXBuildFile; fileRef = 077B92831CA3C72E008767C3 /* ZZMainTabBarViewController.m */; };
		077B928E1CA3C8B8008767C3 /* ZZMainNavgationController.m in Sources */ = {isa = PBXBuildFile; fileRef = 077B928D1CA3C8B8008767C3 /* ZZMainNavgationController.m */; };
		077B92901CA3CC7D008767C3 /* ZZFriendViewController.xib in Resources */ = {isa = PBXBuildFile; fileRef = 077B928F1CA3CC7D008767C3 /* ZZFriendViewController.xib */; };
		079731231CA28970000940CF /* main.m in Sources */ = {isa = PBXBuildFile; fileRef = 079731221CA28970000940CF /* main.m */; };
		079731261CA28970000940CF /* AppDelegate.m in Sources */ = {isa = PBXBuildFile; fileRef = 079731251CA28970000940CF /* AppDelegate.m */; };
		0797312E1CA28970000940CF /* Assets.xcassets in Resources */ = {isa = PBXBuildFile; fileRef = 0797312D1CA28970000940CF /* Assets.xcassets */; };
		079731311CA28970000940CF /* LaunchScreen.storyboard in Resources */ = {isa = PBXBuildFile; fileRef = 0797312F1CA28970000940CF /* LaunchScreen.storyboard */; };
		0797313C1CA28970000940CF /* _____Tests.m in Sources */ = {isa = PBXBuildFile; fileRef = 0797313B1CA28970000940CF /* _____Tests.m */; };
		079731471CA28970000940CF /* _____UITests.m in Sources */ = {isa = PBXBuildFile; fileRef = 079731461CA28970000940CF /* _____UITests.m */; };
		07AE258C1CA3DA3700452BE7 /* RecommendModel.m in Sources */ = {isa = PBXBuildFile; fileRef = 07AE258B1CA3DA3700452BE7 /* RecommendModel.m */; };
		07AE25901CA3DA7B00452BE7 /* RecommendLeftCell.m in Sources */ = {isa = PBXBuildFile; fileRef = 07AE258E1CA3DA7B00452BE7 /* RecommendLeftCell.m */; };
		07AE25911CA3DA7B00452BE7 /* RecommendLeftCell.xib in Resources */ = {isa = PBXBuildFile; fileRef = 07AE258F1CA3DA7B00452BE7 /* RecommendLeftCell.xib */; };
		07AE25991CA3DC7800452BE7 /* ZZRecommendViewController.m in Sources */ = {isa = PBXBuildFile; fileRef = 07AE25971CA3DC7800452BE7 /* ZZRecommendViewController.m */; };
		07AE259A1CA3DC7800452BE7 /* ZZRecommendViewController.xib in Resources */ = {isa = PBXBuildFile; fileRef = 07AE25981CA3DC7800452BE7 /* ZZRecommendViewController.xib */; };
		07AE259C1CA3ED7F00452BE7 /* Foundation+Log.m in Sources */ = {isa = PBXBuildFile; fileRef = 07AE259B1CA3ED7F00452BE7 /* Foundation+Log.m */; };
		07AE25A31CA3EEA300452BE7 /* RecommendUserCell.m in Sources */ = {isa = PBXBuildFile; fileRef = 07AE25A11CA3EEA300452BE7 /* RecommendUserCell.m */; };
		07AE25A41CA3EEA300452BE7 /* RecommendUserCell.xib in Resources */ = {isa = PBXBuildFile; fileRef = 07AE25A21CA3EEA300452BE7 /* RecommendUserCell.xib */; };
		07AE25A71CA3F23200452BE7 /* RecommendUserModel.m in Sources */ = {isa = PBXBuildFile; fileRef = 07AE25A61CA3F23200452BE7 /* RecommendUserModel.m */; };
		2289E5D02AE9F0CEE9F298CB /* libPods.a in Frameworks */ = {isa = PBXBuildFile; fileRef = EE682549ACF745913078236A /* libPods.a */; };
/* End PBXBuildFile section */

/* Begin PBXContainerItemProxy section */
		079731381CA28970000940CF /* PBXContainerItemProxy */ = {
			isa = PBXContainerItemProxy;
			containerPortal = 079731161CA2896F000940CF /* Project object */;
			proxyType = 1;
			remoteGlobalIDString = 0797311D1CA28970000940CF;
			remoteInfo = "百思不得姐";
		};
		079731431CA28970000940CF /* PBXContainerItemProxy */ = {
			isa = PBXContainerItemProxy;
			containerPortal = 079731161CA2896F000940CF /* Project object */;
			proxyType = 1;
			remoteGlobalIDString = 0797311D1CA28970000940CF;
			remoteInfo = "百思不得姐";
		};
/* End PBXContainerItemProxy section */

/* Begin PBXFileReference section */
		0720E2E51CA4EBB500ACD947 /* ZZRecommendTagsViewController.h */ = {isa = PBXFileReference; fileEncoding = 4; lastKnownFileType = sourcecode.c.h; path = ZZRecommendTagsViewController.h; sourceTree = "<group>"; };
		0720E2E61CA4EBB500ACD947 /* ZZRecommendTagsViewController.m */ = {isa = PBXFileReference; fileEncoding = 4; lastKnownFileType = sourcecode.c.objc; path = ZZRecommendTagsViewController.m; sourceTree = "<group>"; };
		0720E2E81CA4ED0200ACD947 /* RecommedTagsModel.h */ = {isa = PBXFileReference; fileEncoding = 4; lastKnownFileType = sourcecode.c.h; path = RecommedTagsModel.h; sourceTree = "<group>"; };
		0720E2E91CA4ED0200ACD947 /* RecommedTagsModel.m */ = {isa = PBXFileReference; fileEncoding = 4; lastKnownFileType = sourcecode.c.objc; path = RecommedTagsModel.m; sourceTree = "<group>"; };
		0720E2EB1CA4EDB900ACD947 /* ZZRecommandTagCell.h */ = {isa = PBXFileReference; fileEncoding = 4; lastKnownFileType = sourcecode.c.h; path = ZZRecommandTagCell.h; sourceTree = "<group>"; };
		0720E2EC1CA4EDB900ACD947 /* ZZRecommandTagCell.m */ = {isa = PBXFileReference; fileEncoding = 4; lastKnownFileType = sourcecode.c.objc; path = ZZRecommandTagCell.m; sourceTree = "<group>"; };
		0720E2ED1CA4EDB900ACD947 /* ZZRecommandTagCell.xib */ = {isa = PBXFileReference; fileEncoding = 4; lastKnownFileType = file.xib; path = ZZRecommandTagCell.xib; sourceTree = "<group>"; };
		0720E2F01CA51BEE00ACD947 /* ZZLoginRegisterViewController.h */ = {isa = PBXFileReference; fileEncoding = 4; lastKnownFileType = sourcecode.c.h; path = ZZLoginRegisterViewController.h; sourceTree = "<group>"; };
		0720E2F11CA51BEE00ACD947 /* ZZLoginRegisterViewController.m */ = {isa = PBXFileReference; fileEncoding = 4; lastKnownFileType = sourcecode.c.objc; path = ZZLoginRegisterViewController.m; sourceTree = "<group>"; };
		0720E2F21CA51BEE00ACD947 /* ZZLoginRegisterViewController.xib */ = {isa = PBXFileReference; fileEncoding = 4; lastKnownFileType = file.xib; path = ZZLoginRegisterViewController.xib; sourceTree = "<group>"; };
		0720E2F51CA52BAE00ACD947 /* ZZVerticalButton.h */ = {isa = PBXFileReference; fileEncoding = 4; lastKnownFileType = sourcecode.c.h; path = ZZVerticalButton.h; sourceTree = "<group>"; };
		0720E2F61CA52BAE00ACD947 /* ZZVerticalButton.m */ = {isa = PBXFileReference; fileEncoding = 4; lastKnownFileType = sourcecode.c.objc; path = ZZVerticalButton.m; sourceTree = "<group>"; };
		0720E2F81CA5360B00ACD947 /* ZZTextFiled.h */ = {isa = PBXFileReference; fileEncoding = 4; lastKnownFileType = sourcecode.c.h; path = ZZTextFiled.h; sourceTree = "<group>"; };
		0720E2F91CA5360B00ACD947 /* ZZTextFiled.m */ = {isa = PBXFileReference; fileEncoding = 4; lastKnownFileType = sourcecode.c.objc; path = ZZTextFiled.m; sourceTree = "<group>"; };
		077B925D1CA3BC33008767C3 /* PrefixHeader.pch */ = {isa = PBXFileReference; fileEncoding = 4; lastKnownFileType = sourcecode.c.h; path = PrefixHeader.pch; sourceTree = "<group>"; };
		077B92641CA3C72E008767C3 /* ZZMeViewController.h */ = {isa = PBXFileReference; fileEncoding = 4; lastKnownFileType = sourcecode.c.h; path = ZZMeViewController.h; sourceTree = "<group>"; };
		077B92651CA3C72E008767C3 /* ZZMeViewController.m */ = {isa = PBXFileReference; fileEncoding = 4; lastKnownFileType = sourcecode.c.objc; path = ZZMeViewController.m; sourceTree = "<group>"; };
		077B926A1CA3C72E008767C3 /* ZZEssenceViewController.h */ = {isa = PBXFileReference; fileEncoding = 4; lastKnownFileType = sourcecode.c.h; path = ZZEssenceViewController.h; sourceTree = "<group>"; };
		077B926B1CA3C72E008767C3 /* ZZEssenceViewController.m */ = {isa = PBXFileReference; fileEncoding = 4; lastKnownFileType = sourcecode.c.objc; path = ZZEssenceViewController.m; sourceTree = "<group>"; };
		077B92701CA3C72E008767C3 /* ZZFriendViewController.h */ = {isa = PBXFileReference; fileEncoding = 4; lastKnownFileType = sourcecode.c.h; path = ZZFriendViewController.h; sourceTree = "<group>"; };
		077B92711CA3C72E008767C3 /* ZZFriendViewController.m */ = {isa = PBXFileReference; fileEncoding = 4; lastKnownFileType = sourcecode.c.objc; path = ZZFriendViewController.m; sourceTree = "<group>"; };
		077B92761CA3C72E008767C3 /* ZZNewViewController.h */ = {isa = PBXFileReference; fileEncoding = 4; lastKnownFileType = sourcecode.c.h; path = ZZNewViewController.h; sourceTree = "<group>"; };
		077B92771CA3C72E008767C3 /* ZZNewViewController.m */ = {isa = PBXFileReference; fileEncoding = 4; lastKnownFileType = sourcecode.c.objc; path = ZZNewViewController.m; sourceTree = "<group>"; };
		077B927B1CA3C72E008767C3 /* ZZTabBar.h */ = {isa = PBXFileReference; fileEncoding = 4; lastKnownFileType = sourcecode.c.h; path = ZZTabBar.h; sourceTree = "<group>"; };
		077B927C1CA3C72E008767C3 /* ZZTabBar.m */ = {isa = PBXFileReference; fileEncoding = 4; lastKnownFileType = sourcecode.c.objc; path = ZZTabBar.m; sourceTree = "<group>"; };
		077B927D1CA3C72E008767C3 /* UIBarButtonItem+ZZExtension.h */ = {isa = PBXFileReference; fileEncoding = 4; lastKnownFileType = sourcecode.c.h; path = "UIBarButtonItem+ZZExtension.h"; sourceTree = "<group>"; };
		077B927E1CA3C72E008767C3 /* UIBarButtonItem+ZZExtension.m */ = {isa = PBXFileReference; fileEncoding = 4; lastKnownFileType = sourcecode.c.objc; path = "UIBarButtonItem+ZZExtension.m"; sourceTree = "<group>"; };
		077B927F1CA3C72E008767C3 /* UIView+ZZExtension.h */ = {isa = PBXFileReference; fileEncoding = 4; lastKnownFileType = sourcecode.c.h; path = "UIView+ZZExtension.h"; sourceTree = "<group>"; };
		077B92801CA3C72E008767C3 /* UIView+ZZExtension.m */ = {isa = PBXFileReference; fileEncoding = 4; lastKnownFileType = sourcecode.c.objc; path = "UIView+ZZExtension.m"; sourceTree = "<group>"; };
		077B92821CA3C72E008767C3 /* ZZMainTabBarViewController.h */ = {isa = PBXFileReference; fileEncoding = 4; lastKnownFileType = sourcecode.c.h; path = ZZMainTabBarViewController.h; sourceTree = "<group>"; };
		077B92831CA3C72E008767C3 /* ZZMainTabBarViewController.m */ = {isa = PBXFileReference; fileEncoding = 4; lastKnownFileType = sourcecode.c.objc; path = ZZMainTabBarViewController.m; sourceTree = "<group>"; };
		077B928C1CA3C8B8008767C3 /* ZZMainNavgationController.h */ = {isa = PBXFileReference; fileEncoding = 4; lastKnownFileType = sourcecode.c.h; path = ZZMainNavgationController.h; sourceTree = "<group>"; };
		077B928D1CA3C8B8008767C3 /* ZZMainNavgationController.m */ = {isa = PBXFileReference; fileEncoding = 4; lastKnownFileType = sourcecode.c.objc; path = ZZMainNavgationController.m; sourceTree = "<group>"; };
		077B928F1CA3CC7D008767C3 /* ZZFriendViewController.xib */ = {isa = PBXFileReference; fileEncoding = 4; lastKnownFileType = file.xib; path = ZZFriendViewController.xib; sourceTree = "<group>"; };
		0797311E1CA28970000940CF /* 百思不得姐.app */ = {isa = PBXFileReference; explicitFileType = wrapper.application; includeInIndex = 0; path = "百思不得姐.app"; sourceTree = BUILT_PRODUCTS_DIR; };
		079731221CA28970000940CF /* main.m */ = {isa = PBXFileReference; lastKnownFileType = sourcecode.c.objc; path = main.m; sourceTree = "<group>"; };
		079731241CA28970000940CF /* AppDelegate.h */ = {isa = PBXFileReference; lastKnownFileType = sourcecode.c.h; path = AppDelegate.h; sourceTree = "<group>"; };
		079731251CA28970000940CF /* AppDelegate.m */ = {isa = PBXFileReference; lastKnownFileType = sourcecode.c.objc; path = AppDelegate.m; sourceTree = "<group>"; };
		0797312D1CA28970000940CF /* Assets.xcassets */ = {isa = PBXFileReference; lastKnownFileType = folder.assetcatalog; path = Assets.xcassets; sourceTree = "<group>"; };
		079731301CA28970000940CF /* Base */ = {isa = PBXFileReference; lastKnownFileType = file.storyboard; name = Base; path = Base.lproj/LaunchScreen.storyboard; sourceTree = "<group>"; };
		079731321CA28970000940CF /* Info.plist */ = {isa = PBXFileReference; lastKnownFileType = text.plist.xml; path = Info.plist; sourceTree = "<group>"; };
		079731371CA28970000940CF /* 百思不得姐Tests.xctest */ = {isa = PBXFileReference; explicitFileType = wrapper.cfbundle; includeInIndex = 0; path = "百思不得姐Tests.xctest"; sourceTree = BUILT_PRODUCTS_DIR; };
		0797313B1CA28970000940CF /* _____Tests.m */ = {isa = PBXFileReference; lastKnownFileType = sourcecode.c.objc; path = "_____Tests.m"; sourceTree = "<group>"; };
		0797313D1CA28970000940CF /* Info.plist */ = {isa = PBXFileReference; lastKnownFileType = text.plist.xml; path = Info.plist; sourceTree = "<group>"; };
		079731421CA28970000940CF /* 百思不得姐UITests.xctest */ = {isa = PBXFileReference; explicitFileType = wrapper.cfbundle; includeInIndex = 0; path = "百思不得姐UITests.xctest"; sourceTree = BUILT_PRODUCTS_DIR; };
		079731461CA28970000940CF /* _____UITests.m */ = {isa = PBXFileReference; lastKnownFileType = sourcecode.c.objc; path = "_____UITests.m"; sourceTree = "<group>"; };
		079731481CA28970000940CF /* Info.plist */ = {isa = PBXFileReference; lastKnownFileType = text.plist.xml; path = Info.plist; sourceTree = "<group>"; };
		07AE258A1CA3DA3700452BE7 /* RecommendModel.h */ = {isa = PBXFileReference; fileEncoding = 4; lastKnownFileType = sourcecode.c.h; path = RecommendModel.h; sourceTree = "<group>"; };
		07AE258B1CA3DA3700452BE7 /* RecommendModel.m */ = {isa = PBXFileReference; fileEncoding = 4; lastKnownFileType = sourcecode.c.objc; path = RecommendModel.m; sourceTree = "<group>"; };
		07AE258D1CA3DA7B00452BE7 /* RecommendLeftCell.h */ = {isa = PBXFileReference; fileEncoding = 4; lastKnownFileType = sourcecode.c.h; path = RecommendLeftCell.h; sourceTree = "<group>"; };
		07AE258E1CA3DA7B00452BE7 /* RecommendLeftCell.m */ = {isa = PBXFileReference; fileEncoding = 4; lastKnownFileType = sourcecode.c.objc; path = RecommendLeftCell.m; sourceTree = "<group>"; };
		07AE258F1CA3DA7B00452BE7 /* RecommendLeftCell.xib */ = {isa = PBXFileReference; fileEncoding = 4; lastKnownFileType = file.xib; path = RecommendLeftCell.xib; sourceTree = "<group>"; };
		07AE25961CA3DC7800452BE7 /* ZZRecommendViewController.h */ = {isa = PBXFileReference; fileEncoding = 4; lastKnownFileType = sourcecode.c.h; path = ZZRecommendViewController.h; sourceTree = "<group>"; };
		07AE25971CA3DC7800452BE7 /* ZZRecommendViewController.m */ = {isa = PBXFileReference; fileEncoding = 4; lastKnownFileType = sourcecode.c.objc; path = ZZRecommendViewController.m; sourceTree = "<group>"; };
		07AE25981CA3DC7800452BE7 /* ZZRecommendViewController.xib */ = {isa = PBXFileReference; fileEncoding = 4; lastKnownFileType = file.xib; path = ZZRecommendViewController.xib; sourceTree = "<group>"; };
		07AE259B1CA3ED7F00452BE7 /* Foundation+Log.m */ = {isa = PBXFileReference; fileEncoding = 4; lastKnownFileType = sourcecode.c.objc; path = "Foundation+Log.m"; sourceTree = "<group>"; };
		07AE25A01CA3EEA300452BE7 /* RecommendUserCell.h */ = {isa = PBXFileReference; fileEncoding = 4; lastKnownFileType = sourcecode.c.h; path = RecommendUserCell.h; sourceTree = "<group>"; };
		07AE25A11CA3EEA300452BE7 /* RecommendUserCell.m */ = {isa = PBXFileReference; fileEncoding = 4; lastKnownFileType = sourcecode.c.objc; path = RecommendUserCell.m; sourceTree = "<group>"; };
		07AE25A21CA3EEA300452BE7 /* RecommendUserCell.xib */ = {isa = PBXFileReference; fileEncoding = 4; lastKnownFileType = file.xib; path = RecommendUserCell.xib; sourceTree = "<group>"; };
		07AE25A51CA3F23200452BE7 /* RecommendUserModel.h */ = {isa = PBXFileReference; fileEncoding = 4; lastKnownFileType = sourcecode.c.h; path = RecommendUserModel.h; sourceTree = "<group>"; };
		07AE25A61CA3F23200452BE7 /* RecommendUserModel.m */ = {isa = PBXFileReference; fileEncoding = 4; lastKnownFileType = sourcecode.c.objc; path = RecommendUserModel.m; sourceTree = "<group>"; };
		0ED30F7280D1B9E7BA760928 /* Pods.debug.xcconfig */ = {isa = PBXFileReference; includeInIndex = 1; lastKnownFileType = text.xcconfig; name = Pods.debug.xcconfig; path = "Pods/Target Support Files/Pods/Pods.debug.xcconfig"; sourceTree = "<group>"; };
		55D1141879DDF69D408B43DD /* Pods.release.xcconfig */ = {isa = PBXFileReference; includeInIndex = 1; lastKnownFileType = text.xcconfig; name = Pods.release.xcconfig; path = "Pods/Target Support Files/Pods/Pods.release.xcconfig"; sourceTree = "<group>"; };
		EE682549ACF745913078236A /* libPods.a */ = {isa = PBXFileReference; explicitFileType = archive.ar; includeInIndex = 0; path = libPods.a; sourceTree = BUILT_PRODUCTS_DIR; };
/* End PBXFileReference section */

/* Begin PBXFrameworksBuildPhase section */
		0797311B1CA28970000940CF /* Frameworks */ = {
			isa = PBXFrameworksBuildPhase;
			buildActionMask = 2147483647;
			files = (
				2289E5D02AE9F0CEE9F298CB /* libPods.a in Frameworks */,
			);
			runOnlyForDeploymentPostprocessing = 0;
		};
		079731341CA28970000940CF /* Frameworks */ = {
			isa = PBXFrameworksBuildPhase;
			buildActionMask = 2147483647;
			files = (
			);
			runOnlyForDeploymentPostprocessing = 0;
		};
		0797313F1CA28970000940CF /* Frameworks */ = {
			isa = PBXFrameworksBuildPhase;
			buildActionMask = 2147483647;
			files = (
			);
			runOnlyForDeploymentPostprocessing = 0;
		};
/* End PBXFrameworksBuildPhase section */

/* Begin PBXGroup section */
		077B92611CA3C72E008767C3 /* Classes */ = {
			isa = PBXGroup;
			children = (
				077B92621CA3C72E008767C3 /* Me-我 */,
				077B92681CA3C72E008767C3 /* Essence-精华 */,
				077B926E1CA3C72E008767C3 /* FriendTrends-关注 */,
				077B92741CA3C72E008767C3 /* New-新帖 */,
				077B927A1CA3C72E008767C3 /* Other-其他 */,
				077B92811CA3C72E008767C3 /* Main */,
			);
			path = Classes;
			sourceTree = "<group>";
		};
		077B92621CA3C72E008767C3 /* Me-我 */ = {
			isa = PBXGroup;
			children = (
				077B92631CA3C72E008767C3 /* Controller */,
				077B92661CA3C72E008767C3 /* Model */,
				077B92671CA3C72E008767C3 /* View */,
			);
			path = "Me-我";
			sourceTree = "<group>";
		};
		077B92631CA3C72E008767C3 /* Controller */ = {
			isa = PBXGroup;
			children = (
				077B92641CA3C72E008767C3 /* ZZMeViewController.h */,
				077B92651CA3C72E008767C3 /* ZZMeViewController.m */,
			);
			path = Controller;
			sourceTree = "<group>";
		};
		077B92661CA3C72E008767C3 /* Model */ = {
			isa = PBXGroup;
			children = (
			);
			path = Model;
			sourceTree = "<group>";
		};
		077B92671CA3C72E008767C3 /* View */ = {
			isa = PBXGroup;
			children = (
			);
			path = View;
			sourceTree = "<group>";
		};
		077B92681CA3C72E008767C3 /* Essence-精华 */ = {
			isa = PBXGroup;
			children = (
				077B92691CA3C72E008767C3 /* Controller */,
				077B926C1CA3C72E008767C3 /* Model */,
				077B926D1CA3C72E008767C3 /* View */,
			);
			path = "Essence-精华";
			sourceTree = "<group>";
		};
		077B92691CA3C72E008767C3 /* Controller */ = {
			isa = PBXGroup;
			children = (
				077B926A1CA3C72E008767C3 /* ZZEssenceViewController.h */,
				077B926B1CA3C72E008767C3 /* ZZEssenceViewController.m */,
				0720E2E51CA4EBB500ACD947 /* ZZRecommendTagsViewController.h */,
				0720E2E61CA4EBB500ACD947 /* ZZRecommendTagsViewController.m */,
			);
			path = Controller;
			sourceTree = "<group>";
		};
		077B926C1CA3C72E008767C3 /* Model */ = {
			isa = PBXGroup;
			children = (
				0720E2E81CA4ED0200ACD947 /* RecommedTagsModel.h */,
				0720E2E91CA4ED0200ACD947 /* RecommedTagsModel.m */,
			);
			path = Model;
			sourceTree = "<group>";
		};
		077B926D1CA3C72E008767C3 /* View */ = {
			isa = PBXGroup;
			children = (
				0720E2EB1CA4EDB900ACD947 /* ZZRecommandTagCell.h */,
				0720E2EC1CA4EDB900ACD947 /* ZZRecommandTagCell.m */,
				0720E2ED1CA4EDB900ACD947 /* ZZRecommandTagCell.xib */,
			);
			path = View;
			sourceTree = "<group>";
		};
		077B926E1CA3C72E008767C3 /* FriendTrends-关注 */ = {
			isa = PBXGroup;
			children = (
				077B926F1CA3C72E008767C3 /* Controller */,
				077B92721CA3C72E008767C3 /* Model */,
				077B92731CA3C72E008767C3 /* View */,
			);
			path = "FriendTrends-关注";
			sourceTree = "<group>";
		};
		077B926F1CA3C72E008767C3 /* Controller */ = {
			isa = PBXGroup;
			children = (
				077B92701CA3C72E008767C3 /* ZZFriendViewController.h */,
				077B92711CA3C72E008767C3 /* ZZFriendViewController.m */,
				077B928F1CA3CC7D008767C3 /* ZZFriendViewController.xib */,
				07AE25961CA3DC7800452BE7 /* ZZRecommendViewController.h */,
				07AE25971CA3DC7800452BE7 /* ZZRecommendViewController.m */,
				07AE25981CA3DC7800452BE7 /* ZZRecommendViewController.xib */,
				0720E2F01CA51BEE00ACD947 /* ZZLoginRegisterViewController.h */,
				0720E2F11CA51BEE00ACD947 /* ZZLoginRegisterViewController.m */,
				0720E2F21CA51BEE00ACD947 /* ZZLoginRegisterViewController.xib */,
			);
			path = Controller;
			sourceTree = "<group>";
		};
		077B92721CA3C72E008767C3 /* Model */ = {
			isa = PBXGroup;
			children = (
				07AE258A1CA3DA3700452BE7 /* RecommendModel.h */,
				07AE258B1CA3DA3700452BE7 /* RecommendModel.m */,
				07AE25A51CA3F23200452BE7 /* RecommendUserModel.h */,
				07AE25A61CA3F23200452BE7 /* RecommendUserModel.m */,
			);
			path = Model;
			sourceTree = "<group>";
		};
		077B92731CA3C72E008767C3 /* View */ = {
			isa = PBXGroup;
			children = (
				07AE258D1CA3DA7B00452BE7 /* RecommendLeftCell.h */,
				07AE258E1CA3DA7B00452BE7 /* RecommendLeftCell.m */,
				07AE258F1CA3DA7B00452BE7 /* RecommendLeftCell.xib */,
				07AE25A01CA3EEA300452BE7 /* RecommendUserCell.h */,
				07AE25A11CA3EEA300452BE7 /* RecommendUserCell.m */,
				07AE25A21CA3EEA300452BE7 /* RecommendUserCell.xib */,
				0720E2F51CA52BAE00ACD947 /* ZZVerticalButton.h */,
				0720E2F61CA52BAE00ACD947 /* ZZVerticalButton.m */,
				0720E2F81CA5360B00ACD947 /* ZZTextFiled.h */,
				0720E2F91CA5360B00ACD947 /* ZZTextFiled.m */,
			);
			path = View;
			sourceTree = "<group>";
		};
		077B92741CA3C72E008767C3 /* New-新帖 */ = {
			isa = PBXGroup;
			children = (
				077B92751CA3C72E008767C3 /* Controller */,
				077B92781CA3C72E008767C3 /* Model */,
				077B92791CA3C72E008767C3 /* View */,
			);
			path = "New-新帖";
			sourceTree = "<group>";
		};
		077B92751CA3C72E008767C3 /* Controller */ = {
			isa = PBXGroup;
			children = (
				077B92761CA3C72E008767C3 /* ZZNewViewController.h */,
				077B92771CA3C72E008767C3 /* ZZNewViewController.m */,
			);
			path = Controller;
			sourceTree = "<group>";
		};
		077B92781CA3C72E008767C3 /* Model */ = {
			isa = PBXGroup;
			children = (
			);
			path = Model;
			sourceTree = "<group>";
		};
		077B92791CA3C72E008767C3 /* View */ = {
			isa = PBXGroup;
			children = (
			);
			path = View;
			sourceTree = "<group>";
		};
		077B927A1CA3C72E008767C3 /* Other-其他 */ = {
			isa = PBXGroup;
			children = (
				07AE259B1CA3ED7F00452BE7 /* Foundation+Log.m */,
				077B927B1CA3C72E008767C3 /* ZZTabBar.h */,
				077B927C1CA3C72E008767C3 /* ZZTabBar.m */,
				077B927D1CA3C72E008767C3 /* UIBarButtonItem+ZZExtension.h */,
				077B927E1CA3C72E008767C3 /* UIBarButtonItem+ZZExtension.m */,
				077B927F1CA3C72E008767C3 /* UIView+ZZExtension.h */,
				077B92801CA3C72E008767C3 /* UIView+ZZExtension.m */,
			);
			path = "Other-其他";
			sourceTree = "<group>";
		};
		077B92811CA3C72E008767C3 /* Main */ = {
			isa = PBXGroup;
			children = (
				077B92821CA3C72E008767C3 /* ZZMainTabBarViewController.h */,
				077B92831CA3C72E008767C3 /* ZZMainTabBarViewController.m */,
				077B928C1CA3C8B8008767C3 /* ZZMainNavgationController.h */,
				077B928D1CA3C8B8008767C3 /* ZZMainNavgationController.m */,
			);
			path = Main;
			sourceTree = "<group>";
		};
		079731151CA2896F000940CF = {
			isa = PBXGroup;
			children = (
				079731201CA28970000940CF /* 百思不得姐 */,
				0797313A1CA28970000940CF /* 百思不得姐Tests */,
				079731451CA28970000940CF /* 百思不得姐UITests */,
				0797311F1CA28970000940CF /* Products */,
				B5E1AF8347AADF91FB364714 /* Pods */,
				616D3ECA6D93CA9156DE057A /* Frameworks */,
			);
			sourceTree = "<group>";
		};
		0797311F1CA28970000940CF /* Products */ = {
			isa = PBXGroup;
			children = (
				0797311E1CA28970000940CF /* 百思不得姐.app */,
				079731371CA28970000940CF /* 百思不得姐Tests.xctest */,
				079731421CA28970000940CF /* 百思不得姐UITests.xctest */,
			);
			name = Products;
			sourceTree = "<group>";
		};
		079731201CA28970000940CF /* 百思不得姐 */ = {
			isa = PBXGroup;
			children = (
				077B92611CA3C72E008767C3 /* Classes */,
				079731241CA28970000940CF /* AppDelegate.h */,
				079731251CA28970000940CF /* AppDelegate.m */,
				079731211CA28970000940CF /* Supporting Files */,
			);
			path = "百思不得姐";
			sourceTree = "<group>";
		};
		079731211CA28970000940CF /* Supporting Files */ = {
			isa = PBXGroup;
			children = (
				077B925D1CA3BC33008767C3 /* PrefixHeader.pch */,
				0797312D1CA28970000940CF /* Assets.xcassets */,
				0797312F1CA28970000940CF /* LaunchScreen.storyboard */,
				079731321CA28970000940CF /* Info.plist */,
				079731221CA28970000940CF /* main.m */,
			);
			name = "Supporting Files";
			sourceTree = "<group>";
		};
		0797313A1CA28970000940CF /* 百思不得姐Tests */ = {
			isa = PBXGroup;
			children = (
				0797313B1CA28970000940CF /* _____Tests.m */,
				0797313D1CA28970000940CF /* Info.plist */,
			);
			path = "百思不得姐Tests";
			sourceTree = "<group>";
		};
		079731451CA28970000940CF /* 百思不得姐UITests */ = {
			isa = PBXGroup;
			children = (
				079731461CA28970000940CF /* _____UITests.m */,
				079731481CA28970000940CF /* Info.plist */,
			);
			path = "百思不得姐UITests";
			sourceTree = "<group>";
		};
		616D3ECA6D93CA9156DE057A /* Frameworks */ = {
			isa = PBXGroup;
			children = (
				EE682549ACF745913078236A /* libPods.a */,
			);
			name = Frameworks;
			sourceTree = "<group>";
		};
		B5E1AF8347AADF91FB364714 /* Pods */ = {
			isa = PBXGroup;
			children = (
				0ED30F7280D1B9E7BA760928 /* Pods.debug.xcconfig */,
				55D1141879DDF69D408B43DD /* Pods.release.xcconfig */,
			);
			name = Pods;
			sourceTree = "<group>";
		};
/* End PBXGroup section */

/* Begin PBXNativeTarget section */
		0797311D1CA28970000940CF /* 百思不得姐 */ = {
			isa = PBXNativeTarget;
			buildConfigurationList = 0797314B1CA28970000940CF /* Build configuration list for PBXNativeTarget "百思不得姐" */;
			buildPhases = (
				3EB8231F369BBA16B5BC3D91 /* Check Pods Manifest.lock */,
				0797311A1CA28970000940CF /* Sources */,
				0797311B1CA28970000940CF /* Frameworks */,
				0797311C1CA28970000940CF /* Resources */,
				4C7F6BF5C8830A032211D14D /* Embed Pods Frameworks */,
				E1B8EE889D94EE336A894CB1 /* Copy Pods Resources */,
			);
			buildRules = (
			);
			dependencies = (
			);
			name = "百思不得姐";
			productName = "百思不得姐";
			productReference = 0797311E1CA28970000940CF /* 百思不得姐.app */;
			productType = "com.apple.product-type.application";
		};
		079731361CA28970000940CF /* 百思不得姐Tests */ = {
			isa = PBXNativeTarget;
			buildConfigurationList = 0797314E1CA28970000940CF /* Build configuration list for PBXNativeTarget "百思不得姐Tests" */;
			buildPhases = (
				079731331CA28970000940CF /* Sources */,
				079731341CA28970000940CF /* Frameworks */,
				079731351CA28970000940CF /* Resources */,
			);
			buildRules = (
			);
			dependencies = (
				079731391CA28970000940CF /* PBXTargetDependency */,
			);
			name = "百思不得姐Tests";
			productName = "百思不得姐Tests";
			productReference = 079731371CA28970000940CF /* 百思不得姐Tests.xctest */;
			productType = "com.apple.product-type.bundle.unit-test";
		};
		079731411CA28970000940CF /* 百思不得姐UITests */ = {
			isa = PBXNativeTarget;
			buildConfigurationList = 079731511CA28970000940CF /* Build configuration list for PBXNativeTarget "百思不得姐UITests" */;
			buildPhases = (
				0797313E1CA28970000940CF /* Sources */,
				0797313F1CA28970000940CF /* Frameworks */,
				079731401CA28970000940CF /* Resources */,
			);
			buildRules = (
			);
			dependencies = (
				079731441CA28970000940CF /* PBXTargetDependency */,
			);
			name = "百思不得姐UITests";
			productName = "百思不得姐UITests";
			productReference = 079731421CA28970000940CF /* 百思不得姐UITests.xctest */;
			productType = "com.apple.product-type.bundle.ui-testing";
		};
/* End PBXNativeTarget section */

/* Begin PBXProject section */
		079731161CA2896F000940CF /* Project object */ = {
			isa = PBXProject;
			attributes = {
				CLASSPREFIX = ZZ;
				LastUpgradeCheck = 0720;
				ORGANIZATIONNAME = ZZBelieve;
				TargetAttributes = {
					0797311D1CA28970000940CF = {
						CreatedOnToolsVersion = 7.2;
					};
					079731361CA28970000940CF = {
						CreatedOnToolsVersion = 7.2;
						TestTargetID = 0797311D1CA28970000940CF;
					};
					079731411CA28970000940CF = {
						CreatedOnToolsVersion = 7.2;
						TestTargetID = 0797311D1CA28970000940CF;
					};
				};
			};
			buildConfigurationList = 079731191CA2896F000940CF /* Build configuration list for PBXProject "百思不得姐" */;
			compatibilityVersion = "Xcode 3.2";
			developmentRegion = English;
			hasScannedForEncodings = 0;
			knownRegions = (
				en,
				Base,
			);
			mainGroup = 079731151CA2896F000940CF;
			productRefGroup = 0797311F1CA28970000940CF /* Products */;
			projectDirPath = "";
			projectRoot = "";
			targets = (
				0797311D1CA28970000940CF /* 百思不得姐 */,
				079731361CA28970000940CF /* 百思不得姐Tests */,
				079731411CA28970000940CF /* 百思不得姐UITests */,
			);
		};
/* End PBXProject section */

/* Begin PBXResourcesBuildPhase section */
		0797311C1CA28970000940CF /* Resources */ = {
			isa = PBXResourcesBuildPhase;
			buildActionMask = 2147483647;
			files = (
				077B92901CA3CC7D008767C3 /* ZZFriendViewController.xib in Resources */,
				0720E2F41CA51BEE00ACD947 /* ZZLoginRegisterViewController.xib in Resources */,
				0720E2EF1CA4EDB900ACD947 /* ZZRecommandTagCell.xib in Resources */,
				07AE25A41CA3EEA300452BE7 /* RecommendUserCell.xib in Resources */,
				079731311CA28970000940CF /* LaunchScreen.storyboard in Resources */,
				0797312E1CA28970000940CF /* Assets.xcassets in Resources */,
				07AE259A1CA3DC7800452BE7 /* ZZRecommendViewController.xib in Resources */,
				07AE25911CA3DA7B00452BE7 /* RecommendLeftCell.xib in Resources */,
			);
			runOnlyForDeploymentPostprocessing = 0;
		};
		079731351CA28970000940CF /* Resources */ = {
			isa = PBXResourcesBuildPhase;
			buildActionMask = 2147483647;
			files = (
			);
			runOnlyForDeploymentPostprocessing = 0;
		};
		079731401CA28970000940CF /* Resources */ = {
			isa = PBXResourcesBuildPhase;
			buildActionMask = 2147483647;
			files = (
			);
			runOnlyForDeploymentPostprocessing = 0;
		};
/* End PBXResourcesBuildPhase section */

/* Begin PBXShellScriptBuildPhase section */
		3EB8231F369BBA16B5BC3D91 /* Check Pods Manifest.lock */ = {
			isa = PBXShellScriptBuildPhase;
			buildActionMask = 2147483647;
			files = (
			);
			inputPaths = (
			);
			name = "Check Pods Manifest.lock";
			outputPaths = (
			);
			runOnlyForDeploymentPostprocessing = 0;
			shellPath = /bin/sh;
			shellScript = "diff \"${PODS_ROOT}/../Podfile.lock\" \"${PODS_ROOT}/Manifest.lock\" > /dev/null\nif [[ $? != 0 ]] ; then\n    cat << EOM\nerror: The sandbox is not in sync with the Podfile.lock. Run 'pod install' or update your CocoaPods installation.\nEOM\n    exit 1\nfi\n";
			showEnvVarsInLog = 0;
		};
		4C7F6BF5C8830A032211D14D /* Embed Pods Frameworks */ = {
			isa = PBXShellScriptBuildPhase;
			buildActionMask = 2147483647;
			files = (
			);
			inputPaths = (
			);
			name = "Embed Pods Frameworks";
			outputPaths = (
			);
			runOnlyForDeploymentPostprocessing = 0;
			shellPath = /bin/sh;
			shellScript = "\"${SRCROOT}/Pods/Target Support Files/Pods/Pods-frameworks.sh\"\n";
			showEnvVarsInLog = 0;
		};
		E1B8EE889D94EE336A894CB1 /* Copy Pods Resources */ = {
			isa = PBXShellScriptBuildPhase;
			buildActionMask = 2147483647;
			files = (
			);
			inputPaths = (
			);
			name = "Copy Pods Resources";
			outputPaths = (
			);
			runOnlyForDeploymentPostprocessing = 0;
			shellPath = /bin/sh;
			shellScript = "\"${SRCROOT}/Pods/Target Support Files/Pods/Pods-resources.sh\"\n";
			showEnvVarsInLog = 0;
		};
/* End PBXShellScriptBuildPhase section */

/* Begin PBXSourcesBuildPhase section */
		0797311A1CA28970000940CF /* Sources */ = {
			isa = PBXSourcesBuildPhase;
			buildActionMask = 2147483647;
			files = (
				077B92881CA3C72E008767C3 /* ZZTabBar.m in Sources */,
				0720E2F71CA52BAE00ACD947 /* ZZVerticalButton.m in Sources */,
				077B928E1CA3C8B8008767C3 /* ZZMainNavgationController.m in Sources */,
				07AE25A71CA3F23200452BE7 /* RecommendUserModel.m in Sources */,
				077B92861CA3C72E008767C3 /* ZZFriendViewController.m in Sources */,
				077B92891CA3C72E008767C3 /* UIBarButtonItem+ZZExtension.m in Sources */,
				0720E2EA1CA4ED0200ACD947 /* RecommedTagsModel.m in Sources */,
				0720E2F31CA51BEE00ACD947 /* ZZLoginRegisterViewController.m in Sources */,
				07AE25901CA3DA7B00452BE7 /* RecommendLeftCell.m in Sources */,
				077B928A1CA3C72E008767C3 /* UIView+ZZExtension.m in Sources */,
				077B92871CA3C72E008767C3 /* ZZNewViewController.m in Sources */,
				0720E2EE1CA4EDB900ACD947 /* ZZRecommandTagCell.m in Sources */,
				07AE25A31CA3EEA300452BE7 /* RecommendUserCell.m in Sources */,
				07AE25991CA3DC7800452BE7 /* ZZRecommendViewController.m in Sources */,
				077B928B1CA3C72E008767C3 /* ZZMainTabBarViewController.m in Sources */,
				07AE258C1CA3DA3700452BE7 /* RecommendModel.m in Sources */,
				079731261CA28970000940CF /* AppDelegate.m in Sources */,
				0720E2FA1CA5360B00ACD947 /* ZZTextFiled.m in Sources */,
				07AE259C1CA3ED7F00452BE7 /* Foundation+Log.m in Sources */,
				077B92851CA3C72E008767C3 /* ZZEssenceViewController.m in Sources */,
				079731231CA28970000940CF /* main.m in Sources */,
				0720E2E71CA4EBB500ACD947 /* ZZRecommendTagsViewController.m in Sources */,
				077B92841CA3C72E008767C3 /* ZZMeViewController.m in Sources */,
			);
			runOnlyForDeploymentPostprocessing = 0;
		};
		079731331CA28970000940CF /* Sources */ = {
			isa = PBXSourcesBuildPhase;
			buildActionMask = 2147483647;
			files = (
				0797313C1CA28970000940CF /* _____Tests.m in Sources */,
			);
			runOnlyForDeploymentPostprocessing = 0;
		};
		0797313E1CA28970000940CF /* Sources */ = {
			isa = PBXSourcesBuildPhase;
			buildActionMask = 2147483647;
			files = (
				079731471CA28970000940CF /* _____UITests.m in Sources */,
			);
			runOnlyForDeploymentPostprocessing = 0;
		};
/* End PBXSourcesBuildPhase section */

/* Begin PBXTargetDependency section */
		079731391CA28970000940CF /* PBXTargetDependency */ = {
			isa = PBXTargetDependency;
			target = 0797311D1CA28970000940CF /* 百思不得姐 */;
			targetProxy = 079731381CA28970000940CF /* PBXContainerItemProxy */;
		};
		079731441CA28970000940CF /* PBXTargetDependency */ = {
			isa = PBXTargetDependency;
			target = 0797311D1CA28970000940CF /* 百思不得姐 */;
			targetProxy = 079731431CA28970000940CF /* PBXContainerItemProxy */;
		};
/* End PBXTargetDependency section */

/* Begin PBXVariantGroup section */
		0797312F1CA28970000940CF /* LaunchScreen.storyboard */ = {
			isa = PBXVariantGroup;
			children = (
				079731301CA28970000940CF /* Base */,
			);
			name = LaunchScreen.storyboard;
			sourceTree = "<group>";
		};
/* End PBXVariantGroup section */

/* Begin XCBuildConfiguration section */
		079731491CA28970000940CF /* Debug */ = {
			isa = XCBuildConfiguration;
			buildSettings = {
				ALWAYS_SEARCH_USER_PATHS = NO;
				CLANG_CXX_LANGUAGE_STANDARD = "gnu++0x";
				CLANG_CXX_LIBRARY = "libc++";
				CLANG_ENABLE_MODULES = YES;
				CLANG_ENABLE_OBJC_ARC = YES;
				CLANG_WARN_BOOL_CONVERSION = YES;
				CLANG_WARN_CONSTANT_CONVERSION = YES;
				CLANG_WARN_DIRECT_OBJC_ISA_USAGE = YES_ERROR;
				CLANG_WARN_EMPTY_BODY = YES;
				CLANG_WARN_ENUM_CONVERSION = YES;
				CLANG_WARN_INT_CONVERSION = YES;
				CLANG_WARN_OBJC_ROOT_CLASS = YES_ERROR;
				CLANG_WARN_UNREACHABLE_CODE = YES;
				CLANG_WARN__DUPLICATE_METHOD_MATCH = YES;
				"CODE_SIGN_IDENTITY[sdk=iphoneos*]" = "iPhone Developer";
				COPY_PHASE_STRIP = NO;
				DEBUG_INFORMATION_FORMAT = dwarf;
				ENABLE_STRICT_OBJC_MSGSEND = YES;
				ENABLE_TESTABILITY = YES;
				GCC_C_LANGUAGE_STANDARD = gnu99;
				GCC_DYNAMIC_NO_PIC = NO;
				GCC_NO_COMMON_BLOCKS = YES;
				GCC_OPTIMIZATION_LEVEL = 0;
				GCC_PREPROCESSOR_DEFINITIONS = (
					"DEBUG=1",
					"$(inherited)",
				);
				GCC_WARN_64_TO_32_BIT_CONVERSION = YES;
				GCC_WARN_ABOUT_RETURN_TYPE = YES_ERROR;
				GCC_WARN_UNDECLARED_SELECTOR = YES;
				GCC_WARN_UNINITIALIZED_AUTOS = YES_AGGRESSIVE;
				GCC_WARN_UNUSED_FUNCTION = YES;
				GCC_WARN_UNUSED_VARIABLE = YES;
				IPHONEOS_DEPLOYMENT_TARGET = 9.2;
				MTL_ENABLE_DEBUG_INFO = YES;
				ONLY_ACTIVE_ARCH = YES;
				SDKROOT = iphoneos;
			};
			name = Debug;
		};
		0797314A1CA28970000940CF /* Release */ = {
			isa = XCBuildConfiguration;
			buildSettings = {
				ALWAYS_SEARCH_USER_PATHS = NO;
				CLANG_CXX_LANGUAGE_STANDARD = "gnu++0x";
				CLANG_CXX_LIBRARY = "libc++";
				CLANG_ENABLE_MODULES = YES;
				CLANG_ENABLE_OBJC_ARC = YES;
				CLANG_WARN_BOOL_CONVERSION = YES;
				CLANG_WARN_CONSTANT_CONVERSION = YES;
				CLANG_WARN_DIRECT_OBJC_ISA_USAGE = YES_ERROR;
				CLANG_WARN_EMPTY_BODY = YES;
				CLANG_WARN_ENUM_CONVERSION = YES;
				CLANG_WARN_INT_CONVERSION = YES;
				CLANG_WARN_OBJC_ROOT_CLASS = YES_ERROR;
				CLANG_WARN_UNREACHABLE_CODE = YES;
				CLANG_WARN__DUPLICATE_METHOD_MATCH = YES;
				"CODE_SIGN_IDENTITY[sdk=iphoneos*]" = "iPhone Developer";
				COPY_PHASE_STRIP = NO;
				DEBUG_INFORMATION_FORMAT = "dwarf-with-dsym";
				ENABLE_NS_ASSERTIONS = NO;
				ENABLE_STRICT_OBJC_MSGSEND = YES;
				GCC_C_LANGUAGE_STANDARD = gnu99;
				GCC_NO_COMMON_BLOCKS = YES;
				GCC_WARN_64_TO_32_BIT_CONVERSION = YES;
				GCC_WARN_ABOUT_RETURN_TYPE = YES_ERROR;
				GCC_WARN_UNDECLARED_SELECTOR = YES;
				GCC_WARN_UNINITIALIZED_AUTOS = YES_AGGRESSIVE;
				GCC_WARN_UNUSED_FUNCTION = YES;
				GCC_WARN_UNUSED_VARIABLE = YES;
				IPHONEOS_DEPLOYMENT_TARGET = 9.2;
				MTL_ENABLE_DEBUG_INFO = NO;
				SDKROOT = iphoneos;
				VALIDATE_PRODUCT = YES;
			};
			name = Release;
		};
		0797314C1CA28970000940CF /* Debug */ = {
			isa = XCBuildConfiguration;
			baseConfigurationReference = 0ED30F7280D1B9E7BA760928 /* Pods.debug.xcconfig */;
			buildSettings = {
				ASSETCATALOG_COMPILER_APPICON_NAME = AppIcon;
				ASSETCATALOG_COMPILER_LAUNCHIMAGE_NAME = LaunchImage;
				GCC_PREFIX_HEADER = "$(SRCROOT)/百思不得姐/PrefixHeader.pch";
				INFOPLIST_FILE = "百思不得姐/Info.plist";
				IPHONEOS_DEPLOYMENT_TARGET = 8.0;
				LD_RUNPATH_SEARCH_PATHS = "$(inherited) @executable_path/Frameworks";
				PRODUCT_BUNDLE_IDENTIFIER = "com.ZZBelieve.-----";
				PRODUCT_NAME = "$(TARGET_NAME)";
			};
			name = Debug;
		};
		0797314D1CA28970000940CF /* Release */ = {
			isa = XCBuildConfiguration;
			baseConfigurationReference = 55D1141879DDF69D408B43DD /* Pods.release.xcconfig */;
			buildSettings = {
				ASSETCATALOG_COMPILER_APPICON_NAME = AppIcon;
				ASSETCATALOG_COMPILER_LAUNCHIMAGE_NAME = LaunchImage;
				GCC_PREFIX_HEADER = "$(SRCROOT)/百思不得姐/PrefixHeader.pch";
				INFOPLIST_FILE = "百思不得姐/Info.plist";
				IPHONEOS_DEPLOYMENT_TARGET = 8.0;
				LD_RUNPATH_SEARCH_PATHS = "$(inherited) @executable_path/Frameworks";
				PRODUCT_BUNDLE_IDENTIFIER = "com.ZZBelieve.-----";
				PRODUCT_NAME = "$(TARGET_NAME)";
			};
			name = Release;
		};
		0797314F1CA28970000940CF /* Debug */ = {
			isa = XCBuildConfiguration;
			buildSettings = {
				BUNDLE_LOADER = "$(TEST_HOST)";
				INFOPLIST_FILE = "百思不得姐Tests/Info.plist";
				LD_RUNPATH_SEARCH_PATHS = "$(inherited) @executable_path/Frameworks @loader_path/Frameworks";
				PRODUCT_BUNDLE_IDENTIFIER = "com.ZZBelieve.-----Tests";
				PRODUCT_NAME = "$(TARGET_NAME)";
				TEST_HOST = "$(BUILT_PRODUCTS_DIR)/百思不得姐.app/百思不得姐";
			};
			name = Debug;
		};
		079731501CA28970000940CF /* Release */ = {
			isa = XCBuildConfiguration;
			buildSettings = {
				BUNDLE_LOADER = "$(TEST_HOST)";
				INFOPLIST_FILE = "百思不得姐Tests/Info.plist";
				LD_RUNPATH_SEARCH_PATHS = "$(inherited) @executable_path/Frameworks @loader_path/Frameworks";
				PRODUCT_BUNDLE_IDENTIFIER = "com.ZZBelieve.-----Tests";
				PRODUCT_NAME = "$(TARGET_NAME)";
				TEST_HOST = "$(BUILT_PRODUCTS_DIR)/百思不得姐.app/百思不得姐";
			};
			name = Release;
		};
		079731521CA28970000940CF /* Debug */ = {
			isa = XCBuildConfiguration;
			buildSettings = {
				INFOPLIST_FILE = "百思不得姐UITests/Info.plist";
				LD_RUNPATH_SEARCH_PATHS = "$(inherited) @executable_path/Frameworks @loader_path/Frameworks";
				PRODUCT_BUNDLE_IDENTIFIER = "com.ZZBelieve.-----UITests";
				PRODUCT_NAME = "$(TARGET_NAME)";
				TEST_TARGET_NAME = "百思不得姐";
				USES_XCTRUNNER = YES;
			};
			name = Debug;
		};
		079731531CA28970000940CF /* Release */ = {
			isa = XCBuildConfiguration;
			buildSettings = {
				INFOPLIST_FILE = "百思不得姐UITests/Info.plist";
				LD_RUNPATH_SEARCH_PATHS = "$(inherited) @executable_path/Frameworks @loader_path/Frameworks";
				PRODUCT_BUNDLE_IDENTIFIER = "com.ZZBelieve.-----UITests";
				PRODUCT_NAME = "$(TARGET_NAME)";
				TEST_TARGET_NAME = "百思不得姐";
				USES_XCTRUNNER = YES;
			};
			name = Release;
		};
/* End XCBuildConfiguration section */

/* Begin XCConfigurationList section */
		079731191CA2896F000940CF /* Build configuration list for PBXProject "百思不得姐" */ = {
			isa = XCConfigurationList;
			buildConfigurations = (
				079731491CA28970000940CF /* Debug */,
				0797314A1CA28970000940CF /* Release */,
			);
			defaultConfigurationIsVisible = 0;
			defaultConfigurationName = Release;
		};
		0797314B1CA28970000940CF /* Build configuration list for PBXNativeTarget "百思不得姐" */ = {
			isa = XCConfigurationList;
			buildConfigurations = (
				0797314C1CA28970000940CF /* Debug */,
				0797314D1CA28970000940CF /* Release */,
			);
			defaultConfigurationIsVisible = 0;
			defaultConfigurationName = Release;
		};
		0797314E1CA28970000940CF /* Build configuration list for PBXNativeTarget "百思不得姐Tests" */ = {
			isa = XCConfigurationList;
			buildConfigurations = (
				0797314F1CA28970000940CF /* Debug */,
				079731501CA28970000940CF /* Release */,
			);
			defaultConfigurationIsVisible = 0;
			defaultConfigurationName = Release;
		};
		079731511CA28970000940CF /* Build configuration list for PBXNativeTarget "百思不得姐UITests" */ = {
			isa = XCConfigurationList;
			buildConfigurations = (
				079731521CA28970000940CF /* Debug */,
				079731531CA28970000940CF /* Release */,
			);
			defaultConfigurationIsVisible = 0;
			defaultConfigurationName = Release;
		};
/* End XCConfigurationList section */
	};
	rootObject = 079731161CA2896F000940CF /* Project object */;
}
